
Microsoft Visual Studio Solution File, Format Version 12.00
# Visual Studio Version 16
VisualStudioVersion = 16.0.31005.135
MinimumVisualStudioVersion = 10.0.40219.1
Project("{FAE04EC0-301F-11D3-BF4B-00C04F79EFBC}") = "Financial Hack", "Financial Hack.csproj", "{C22AC7EF-B581-44A5-A845-9D93E2257C24}"
EndProject
Global
	GlobalSection(SolutionConfigurationPlatforms) = preSolution
		Debug|Any CPU = Debug|Any CPU
		Release|Any CPU = Release|Any CPU
	EndGlobalSection
	GlobalSection(ProjectConfigurationPlatforms) = postSolution
		{C22AC7EF-B581-44A5-A845-9D93E2257C24}.Debug|Any CPU.ActiveCfg = Debug|Any CPU
		{C22AC7EF-B581-44A5-A845-9D93E2257C24}.Debug|Any CPU.Build.0 = Debug|Any CPU
		{C22AC7EF-B581-44A5-A845-9D93E2257C24}.Release|Any CPU.ActiveCfg = Release|Any CPU
		{C22AC7EF-B581-44A5-A845-9D93E2257C24}.Release|Any CPU.Build.0 = Release|Any CPU
	EndGlobalSection
	GlobalSection(SolutionProperties) = preSolution
		HideSolutionNode = FALSE
	EndGlobalSection
	GlobalSection(ExtensibilityGlobals) = postSolution
		SolutionGuid = {3B71D444-3A73-4B2C-86EB-AA258F129C4F}
	EndGlobalSection
EndGlobal
